
Microsoft Visual Studio Solution File, Format Version 12.00
# Visual Studio Version 17
VisualStudioVersion = 17.4.33403.182
MinimumVisualStudioVersion = 10.0.40219.1
Project("{FAE04EC0-301F-11D3-BF4B-00C04F79EFBC}") = "Example 3", "Example 3\Example 3.csproj", "{EC70E399-3E5E-4910-8AB6-EB5668975909}"
EndProject
Global
	GlobalSection(SolutionConfigurationPlatforms) = preSolution
		Debug|Any CPU = Debug|Any CPU
		Release|Any CPU = Release|Any CPU
	EndGlobalSection
	GlobalSection(ProjectConfigurationPlatforms) = postSolution
		{EC70E399-3E5E-4910-8AB6-EB5668975909}.Debug|Any CPU.ActiveCfg = Debug|Any CPU
		{EC70E399-3E5E-4910-8AB6-EB5668975909}.Debug|Any CPU.Build.0 = Debug|Any CPU
		{EC70E399-3E5E-4910-8AB6-EB5668975909}.Release|Any CPU.ActiveCfg = Release|Any CPU
		{EC70E399-3E5E-4910-8AB6-EB5668975909}.Release|Any CPU.Build.0 = Release|Any CPU
	EndGlobalSection
	GlobalSection(SolutionProperties) = preSolution
		HideSolutionNode = FALSE
	EndGlobalSection
	GlobalSection(ExtensibilityGlobals) = postSolution
		SolutionGuid = {9FB93EC8-9616-40D4-9CEF-861F7A799BEA}
	EndGlobalSection
EndGlobal
