
Microsoft Visual Studio Solution File, Format Version 12.00
# Visual Studio Version 17
VisualStudioVersion = 17.4.33403.182
MinimumVisualStudioVersion = 10.0.40219.1
Project("{FAE04EC0-301F-11D3-BF4B-00C04F79EFBC}") = "Example 1", "Example 1\Example 1.csproj", "{871EACC9-90B3-479E-8009-CD8848E333EC}"
EndProject
Global
	GlobalSection(SolutionConfigurationPlatforms) = preSolution
		Debug|Any CPU = Debug|Any CPU
		Release|Any CPU = Release|Any CPU
	EndGlobalSection
	GlobalSection(ProjectConfigurationPlatforms) = postSolution
		{871EACC9-90B3-479E-8009-CD8848E333EC}.Debug|Any CPU.ActiveCfg = Debug|Any CPU
		{871EACC9-90B3-479E-8009-CD8848E333EC}.Debug|Any CPU.Build.0 = Debug|Any CPU
		{871EACC9-90B3-479E-8009-CD8848E333EC}.Release|Any CPU.ActiveCfg = Release|Any CPU
		{871EACC9-90B3-479E-8009-CD8848E333EC}.Release|Any CPU.Build.0 = Release|Any CPU
	EndGlobalSection
	GlobalSection(SolutionProperties) = preSolution
		HideSolutionNode = FALSE
	EndGlobalSection
	GlobalSection(ExtensibilityGlobals) = postSolution
		SolutionGuid = {10B858DA-461A-4B3A-9D58-997A9088E8D7}
	EndGlobalSection
EndGlobal
